<?xml version="1.0" encoding="utf-8"?>
<Project ToolsVersion="4.0" xmlns="http://schemas.microsoft.com/developer/msbuild/2003">
  <ItemGroup>
    <ClCompile Include="seh_exception.ixx" />
    <ClCompile Include="shared.ixx" />
    <ClCompile Include="scoped_se_translator.ixx" />
    <ClCompile Include="optional_functions.ixx" />
  </ItemGroup>
</Project>