<?xml version="1.0" encoding="utf-8"?>
<Project ToolsVersion="4.0" xmlns="http://schemas.microsoft.com/developer/msbuild/2003">
  <ItemGroup>
    <ClCompile Include="application.cpp" />
    <ClCompile Include="pch.cpp" />
    <ClCompile Include="base64_app.cpp" />
  </ItemGroup>
  <ItemGroup>
    <ClInclude Include="pch.h" />
    <ClInclude Include="base64_app.h" />
    <ClInclude Include="output_type.h" />
    <ClInclude Include="operation_type.h" />
  </ItemGroup>
</Project>