<?xml version="1.0" encoding="utf-8"?>
<Project ToolsVersion="4.0" xmlns="http://schemas.microsoft.com/developer/msbuild/2003">
  <ItemGroup>
    <ClInclude Include="pch.h" />
    <ClInclude Include="byte_producer_consumer_container.h" />
    <ClInclude Include="clipboard_byte_consumer.h" />
    <ClInclude Include="clipboard_byte_producer.h" />
    <ClInclude Include="convert.h" />
    <ClInclude Include="file_byte_consumer.h" />
    <ClInclude Include="file_byte_producer.h" />
    <ClInclude Include="operation_type.h" />
    <ClInclude Include="library_export.h" />
  </ItemGroup>
  <ItemGroup>
    <ClCompile Include="file_byte_consumer.cpp" />
    <ClCompile Include="file_byte_producer.cpp" />
    <ClCompile Include="operation_type.cpp" />
    <ClCompile Include="pch.cpp" />
  </ItemGroup>
  <ItemGroup>
    <None Include="vcpkg.json" />
  </ItemGroup>
</Project>