<?xml version="1.0" encoding="utf-8"?>
<Project ToolsVersion="4.0" xmlns="http://schemas.microsoft.com/developer/msbuild/2003">
  <ItemGroup>
    <ClCompile Include="common.cpp" />
    <ClCompile Include="encoder.cpp" />
    <ClCompile Include="pch.cpp" />
  </ItemGroup>
  <ItemGroup>
    <ClInclude Include="common.h" />
    <ClInclude Include="encoder.h" />
    <ClInclude Include="library_export.h" />
    <ClInclude Include="pch.h" />
    <ClInclude Include="decoder.h" />
    <ClInclude Include="base64_failure_reason.h" />
    <ClInclude Include="concepts.h" />
    <ClInclude Include="converter.h" />
    <ClInclude Include="maybe_converted.h" />
  </ItemGroup>
</Project>